
Microsoft Visual Studio Solution File, Format Version 12.00
# Visual Studio Version 16
VisualStudioVersion = 16.0.31729.503
MinimumVisualStudioVersion = 10.0.40219.1
Project("{9A19103F-16F7-4668-BE54-9A1E7A4F7556}") = "BowlingTask", "BowlingTask\BowlingTask.csproj", "{0E89880B-D299-4BED-B061-3EB2C6D02DB0}"
EndProject
Project("{FAE04EC0-301F-11D3-BF4B-00C04F79EFBC}") = "BowlingTests", "BowlingTests\BowlingTests.csproj", "{D37CF146-E12D-4034-806B-D18B5BC39369}"
EndProject
Global
	GlobalSection(SolutionConfigurationPlatforms) = preSolution
		Debug|Any CPU = Debug|Any CPU
		Release|Any CPU = Release|Any CPU
	EndGlobalSection
	GlobalSection(ProjectConfigurationPlatforms) = postSolution
		{0E89880B-D299-4BED-B061-3EB2C6D02DB0}.Debug|Any CPU.ActiveCfg = Debug|Any CPU
		{0E89880B-D299-4BED-B061-3EB2C6D02DB0}.Debug|Any CPU.Build.0 = Debug|Any CPU
		{0E89880B-D299-4BED-B061-3EB2C6D02DB0}.Release|Any CPU.ActiveCfg = Release|Any CPU
		{0E89880B-D299-4BED-B061-3EB2C6D02DB0}.Release|Any CPU.Build.0 = Release|Any CPU
		{D37CF146-E12D-4034-806B-D18B5BC39369}.Debug|Any CPU.ActiveCfg = Debug|Any CPU
		{D37CF146-E12D-4034-806B-D18B5BC39369}.Debug|Any CPU.Build.0 = Debug|Any CPU
		{D37CF146-E12D-4034-806B-D18B5BC39369}.Release|Any CPU.ActiveCfg = Release|Any CPU
		{D37CF146-E12D-4034-806B-D18B5BC39369}.Release|Any CPU.Build.0 = Release|Any CPU
	EndGlobalSection
	GlobalSection(SolutionProperties) = preSolution
		HideSolutionNode = FALSE
	EndGlobalSection
	GlobalSection(ExtensibilityGlobals) = postSolution
		SolutionGuid = {FDA5B388-E7BF-411B-BAC0-CC0AEF21E4E9}
	EndGlobalSection
EndGlobal
